
Microsoft Visual Studio Solution File, Format Version 12.00
# Visual Studio Version 16
VisualStudioVersion = 16.0.31321.278
MinimumVisualStudioVersion = 10.0.40219.1
Project("{9A19103F-16F7-4668-BE54-9A1E7A4F7556}") = "DesktopApp", "DesktopApp\DesktopApp\DesktopApp.csproj", "{460D10DD-AB76-4370-A827-57F14223A670}"
EndProject
Project("{9A19103F-16F7-4668-BE54-9A1E7A4F7556}") = "Framework", "DesktopApp\Framework\Framework.csproj", "{C61F9604-239A-4309-939C-65CD335F2B91}"
EndProject
Project("{9A19103F-16F7-4668-BE54-9A1E7A4F7556}") = "DownloadClass.Toolkit", "src\DownloadClass.Toolkit\DownloadClass.Toolkit.csproj", "{FCD27747-2B04-4BB9-8177-F725867B1C81}"
EndProject
Project("{FAE04EC0-301F-11D3-BF4B-00C04F79EFBC}") = "upforthis", "DesktopApp\upforthis\upforthis.csproj", "{F6848875-CEEF-4E7F-AEE7-2D3E058DAC7F}"
EndProject
Global
	GlobalSection(SolutionConfigurationPlatforms) = preSolution
		Debug|Any CPU = Debug|Any CPU
		Release|Any CPU = Release|Any CPU
	EndGlobalSection
	GlobalSection(ProjectConfigurationPlatforms) = postSolution
		{460D10DD-AB76-4370-A827-57F14223A670}.Debug|Any CPU.ActiveCfg = Debug|Any CPU
		{460D10DD-AB76-4370-A827-57F14223A670}.Debug|Any CPU.Build.0 = Debug|Any CPU
		{460D10DD-AB76-4370-A827-57F14223A670}.Release|Any CPU.ActiveCfg = Release|Any CPU
		{460D10DD-AB76-4370-A827-57F14223A670}.Release|Any CPU.Build.0 = Release|Any CPU
		{C61F9604-239A-4309-939C-65CD335F2B91}.Debug|Any CPU.ActiveCfg = Debug|Any CPU
		{C61F9604-239A-4309-939C-65CD335F2B91}.Debug|Any CPU.Build.0 = Debug|Any CPU
		{C61F9604-239A-4309-939C-65CD335F2B91}.Release|Any CPU.ActiveCfg = Release|Any CPU
		{C61F9604-239A-4309-939C-65CD335F2B91}.Release|Any CPU.Build.0 = Release|Any CPU
		{FCD27747-2B04-4BB9-8177-F725867B1C81}.Debug|Any CPU.ActiveCfg = Debug|Any CPU
		{FCD27747-2B04-4BB9-8177-F725867B1C81}.Debug|Any CPU.Build.0 = Debug|Any CPU
		{FCD27747-2B04-4BB9-8177-F725867B1C81}.Release|Any CPU.ActiveCfg = Release|Any CPU
		{FCD27747-2B04-4BB9-8177-F725867B1C81}.Release|Any CPU.Build.0 = Release|Any CPU
		{F6848875-CEEF-4E7F-AEE7-2D3E058DAC7F}.Debug|Any CPU.ActiveCfg = Debug|Any CPU
		{F6848875-CEEF-4E7F-AEE7-2D3E058DAC7F}.Debug|Any CPU.Build.0 = Debug|Any CPU
		{F6848875-CEEF-4E7F-AEE7-2D3E058DAC7F}.Release|Any CPU.ActiveCfg = Release|Any CPU
		{F6848875-CEEF-4E7F-AEE7-2D3E058DAC7F}.Release|Any CPU.Build.0 = Release|Any CPU
	EndGlobalSection
	GlobalSection(SolutionProperties) = preSolution
		HideSolutionNode = FALSE
	EndGlobalSection
	GlobalSection(ExtensibilityGlobals) = postSolution
		SolutionGuid = {EDF1F208-7607-4FD6-B078-0EDE70E46301}
	EndGlobalSection
EndGlobal
