
Microsoft Visual Studio Solution File, Format Version 12.00
# Visual Studio Version 16
VisualStudioVersion = 16.0.31205.134
MinimumVisualStudioVersion = 10.0.40219.1
Project("{9A19103F-16F7-4668-BE54-9A1E7A4F7556}") = "VideoPlayer", "examples\VideoPlayer\VideoPlayer.csproj", "{F7C51DAB-3675-47DC-9B9A-95390E9D9D6B}"
EndProject
Project("{9A19103F-16F7-4668-BE54-9A1E7A4F7556}") = "DownloadClass.Toolkit", "src\DownloadClass.Toolkit\DownloadClass.Toolkit.csproj", "{1ADA015C-4E06-44D2-9983-D547AFE80F31}"
EndProject
Global
	GlobalSection(SolutionConfigurationPlatforms) = preSolution
		Debug|Any CPU = Debug|Any CPU
		Release|Any CPU = Release|Any CPU
	EndGlobalSection
	GlobalSection(ProjectConfigurationPlatforms) = postSolution
		{F7C51DAB-3675-47DC-9B9A-95390E9D9D6B}.Debug|Any CPU.ActiveCfg = Debug|Any CPU
		{F7C51DAB-3675-47DC-9B9A-95390E9D9D6B}.Debug|Any CPU.Build.0 = Debug|Any CPU
		{F7C51DAB-3675-47DC-9B9A-95390E9D9D6B}.Release|Any CPU.ActiveCfg = Release|Any CPU
		{F7C51DAB-3675-47DC-9B9A-95390E9D9D6B}.Release|Any CPU.Build.0 = Release|Any CPU
		{1ADA015C-4E06-44D2-9983-D547AFE80F31}.Debug|Any CPU.ActiveCfg = Debug|Any CPU
		{1ADA015C-4E06-44D2-9983-D547AFE80F31}.Debug|Any CPU.Build.0 = Debug|Any CPU
		{1ADA015C-4E06-44D2-9983-D547AFE80F31}.Release|Any CPU.ActiveCfg = Release|Any CPU
		{1ADA015C-4E06-44D2-9983-D547AFE80F31}.Release|Any CPU.Build.0 = Release|Any CPU
	EndGlobalSection
	GlobalSection(SolutionProperties) = preSolution
		HideSolutionNode = FALSE
	EndGlobalSection
	GlobalSection(ExtensibilityGlobals) = postSolution
		SolutionGuid = {988370F7-CDD4-4778-8D78-77C6AFFC2652}
	EndGlobalSection
EndGlobal
