
Microsoft Visual Studio Solution File, Format Version 12.00
# Visual Studio 15
VisualStudioVersion = 15.0.28307.1401
MinimumVisualStudioVersion = 10.0.40219.1
Project("{FAE04EC0-301F-11D3-BF4B-00C04F79EFBC}") = "Framework", "Framework\Framework.csproj", "{C61F9604-239A-4309-939C-65CD335F2B91}"
EndProject
Project("{FAE04EC0-301F-11D3-BF4B-00C04F79EFBC}") = "DesktopApp", "DesktopApp\DesktopApp.csproj", "{460D10DD-AB76-4370-A827-57F14223A670}"
EndProject
Project("{2150E333-8FDC-42A3-9474-1A3956D46DE8}") = "FixTool", "FixTool", "{FC8718F5-5AAB-4D84-8C39-CD2E4DD283A0}"
EndProject
Project("{8BC9CEB8-8B4A-11D0-8D11-00A0C91BC942}") = "FixTool", "FixTool\FixTool\FixTool.vcxproj", "{ECA59E28-61F8-4460-B8D7-8590A34E1EA8}"
EndProject
Project("{8BC9CEB8-8B4A-11D0-8D11-00A0C91BC942}") = "FixToolConsole", "FixTool\FixToolConsole\FixToolConsole.vcxproj", "{EC659629-09C1-4CC4-8F25-A3F772B1941C}"
EndProject
Project("{2150E333-8FDC-42A3-9474-1A3956D46DE8}") = "TestProject", "TestProject", "{AF91F2F2-D936-4D35-B373-4A3BD00501FA}"
EndProject
Project("{FAE04EC0-301F-11D3-BF4B-00C04F79EFBC}") = "TestWinform", "TestProject\TestWinform\TestWinform.csproj", "{7E8C19B9-629A-477A-8F6E-CC03B49C7342}"
EndProject
Project("{FAE04EC0-301F-11D3-BF4B-00C04F79EFBC}") = "TestConsole", "TestProject\TestConsole\TestConsole.csproj", "{9D198C2A-9D21-43E5-B63E-E72CB82EC067}"
EndProject
Project("{2150E333-8FDC-42A3-9474-1A3956D46DE8}") = "Med", "Med", "{105F0ED4-DE31-4A86-BEA9-433E6374BFB9}"
EndProject
Project("{FAE04EC0-301F-11D3-BF4B-00C04F79EFBC}") = "upforthis", "med\upforthis\upforthis.csproj", "{6893D0D6-07F6-49DD-B709-5549C63E8EE6}"
EndProject
Project("{FAE04EC0-301F-11D3-BF4B-00C04F79EFBC}") = "Framework", "med\Framework\Framework.csproj", "{601A0962-DAA9-4C4A-86A4-51710B44EE9A}"
EndProject
Project("{FAE04EC0-301F-11D3-BF4B-00C04F79EFBC}") = "DesktopMed", "med\DesktopMed\DesktopMed.csproj", "{265B7475-2E5E-4EC6-BB8A-7BC7BAAFDF40}"
EndProject
Project("{2150E333-8FDC-42A3-9474-1A3956D46DE8}") = "Jianshe", "Jianshe", "{25B0B262-81A0-422A-BB1C-192579E8DFAF}"
EndProject
Project("{FAE04EC0-301F-11D3-BF4B-00C04F79EFBC}") = "upforthis", "jianshe\upforthis\upforthis.csproj", "{46FF5DB7-3C4F-4A40-8F8D-07DFAF06C654}"
EndProject
Project("{FAE04EC0-301F-11D3-BF4B-00C04F79EFBC}") = "Framework", "jianshe\Framework\Framework.csproj", "{CB5FA092-EE0E-4500-8DC1-D0E48F402AEB}"
EndProject
Project("{FAE04EC0-301F-11D3-BF4B-00C04F79EFBC}") = "DesktopJianshe", "jianshe\DesktopJianshe\DesktopJianshe.csproj", "{73670AA1-0DAA-41F7-B0EF-4A8A2FB5AF22}"
EndProject
Project("{FAE04EC0-301F-11D3-BF4B-00C04F79EFBC}") = "TestWpf", "TestProject\TestWpf\TestWpf.csproj", "{BF92191F-02B5-4741-A8D2-7C506153370D}"
EndProject
Project("{2150E333-8FDC-42A3-9474-1A3956D46DE8}") = "Law", "Law", "{2F0DE6A0-1361-44EA-AA74-104F4B4592D9}"
EndProject
Project("{FAE04EC0-301F-11D3-BF4B-00C04F79EFBC}") = "upforthis", "Law\upforthis\upforthis.csproj", "{7338A8C8-6DDA-498C-A5E7-CA4FA7000543}"
EndProject
Project("{FAE04EC0-301F-11D3-BF4B-00C04F79EFBC}") = "Framework", "Law\Framework\Framework.csproj", "{D8CD9ED6-0034-4423-A16F-D0BABD13477E}"
EndProject
Project("{FAE04EC0-301F-11D3-BF4B-00C04F79EFBC}") = "DesktopLaw", "Law\DesktopLaw\DesktopLaw.csproj", "{5D9437F0-C9E0-4FA8-B1CE-138819389783}"
EndProject
Project("{2150E333-8FDC-42A3-9474-1A3956D46DE8}") = "For68", "For68", "{185D2F95-3452-4AEE-858A-EE56479B6D52}"
EndProject
Project("{FAE04EC0-301F-11D3-BF4B-00C04F79EFBC}") = "upforthis", "For68\upforthis\upforthis.csproj", "{3F3805D8-AA2E-43FD-BA9B-AFA2185C9CCD}"
EndProject
Project("{FAE04EC0-301F-11D3-BF4B-00C04F79EFBC}") = "Framework", "For68\Framework\Framework.csproj", "{B699E885-C655-47A9-98DE-6185FBB23E4B}"
EndProject
Project("{FAE04EC0-301F-11D3-BF4B-00C04F79EFBC}") = "DesktopFor68", "For68\DesktopFor68\DesktopFor68.csproj", "{6E2C24E1-2C5F-4DFF-8D7B-A36E7F4B4EDD}"
EndProject
Project("{2150E333-8FDC-42A3-9474-1A3956D46DE8}") = "G12E", "G12E", "{F4E05CD3-8A92-45CF-944E-8B2E9C8725D0}"
EndProject
Project("{FAE04EC0-301F-11D3-BF4B-00C04F79EFBC}") = "upforthis", "G12e\upforthis\upforthis.csproj", "{609D9BCB-0F6A-4819-BD6F-055D91027C2F}"
EndProject
Project("{FAE04EC0-301F-11D3-BF4B-00C04F79EFBC}") = "Framework", "G12e\Framework\Framework.csproj", "{D8D8871B-5A0A-4588-9482-3E6900E90625}"
EndProject
Project("{FAE04EC0-301F-11D3-BF4B-00C04F79EFBC}") = "DesktopG12e", "G12e\DesktopG12e\DesktopG12e.csproj", "{986C16FF-8DFB-40D0-AEC4-75D6F3ADD2C3}"
EndProject
Project("{2150E333-8FDC-42A3-9474-1A3956D46DE8}") = "Chinatat", "Chinatat", "{6A85DB57-BCF2-4F89-9874-8BE066B756EF}"
EndProject
Project("{FAE04EC0-301F-11D3-BF4B-00C04F79EFBC}") = "upforthis", "Chinatat\upforthis\upforthis.csproj", "{3A0F99A6-B6AF-41F8-AADD-0D59FFF2508E}"
EndProject
Project("{FAE04EC0-301F-11D3-BF4B-00C04F79EFBC}") = "Framework", "Chinatat\Framework\Framework.csproj", "{FC8D414F-A837-4C7D-B78B-84F171DC169E}"
EndProject
Project("{FAE04EC0-301F-11D3-BF4B-00C04F79EFBC}") = "DesktopChinatat", "Chinatat\DesktopChinatat\DesktopChinatat.csproj", "{3F63A087-60A9-4B10-9F8B-FD01919295D2}"
EndProject
Project("{2150E333-8FDC-42A3-9474-1A3956D46DE8}") = "Kaoyan", "Kaoyan", "{D604B205-1F0D-4053-A2AB-F38C20C3E0A4}"
EndProject
Project("{FAE04EC0-301F-11D3-BF4B-00C04F79EFBC}") = "upforthis", "Kaoyan\upforthis\upforthis.csproj", "{139E9563-7911-416A-B3A1-F8D1CE5DA9FF}"
EndProject
Project("{FAE04EC0-301F-11D3-BF4B-00C04F79EFBC}") = "Framework", "Kaoyan\Framework\Framework.csproj", "{B7758377-D4C2-46EF-862A-F9A99549B6F5}"
EndProject
Project("{FAE04EC0-301F-11D3-BF4B-00C04F79EFBC}") = "DesktopKaoyan", "Kaoyan\DesktopKaoyan\DesktopKaoyan.csproj", "{CD6257B9-CAD7-45E2-8B15-9A1187D84C4E}"
EndProject
Project("{2150E333-8FDC-42A3-9474-1A3956D46DE8}") = "Zikao", "Zikao", "{B0FB97CD-85BA-41E4-9D2B-3D9A42005816}"
EndProject
Project("{FAE04EC0-301F-11D3-BF4B-00C04F79EFBC}") = "upforthis", "zikao\upforthis\upforthis.csproj", "{036A0DA2-BB9F-4C07-816A-094D8B45EB46}"
EndProject
Project("{FAE04EC0-301F-11D3-BF4B-00C04F79EFBC}") = "Framework", "zikao\Framework\Framework.csproj", "{75F044E6-95C1-405B-A48D-FF98C9BEAEB1}"
EndProject
Project("{FAE04EC0-301F-11D3-BF4B-00C04F79EFBC}") = "DesktopZikao", "zikao\DesktopZikao\DesktopZikao.csproj", "{110D0EC1-CDB7-4405-8FBD-9AEB158B7AA9}"
EndProject
Project("{FAE04EC0-301F-11D3-BF4B-00C04F79EFBC}") = "TestVlc", "TestProject\TestVlc\TestVlc.csproj", "{2D951FB1-1DE6-4D2B-9EB9-9A138609646B}"
EndProject
Project("{2150E333-8FDC-42A3-9474-1A3956D46DE8}") = "Services", "Services", "{FBE2E957-05F8-4879-9727-456811ECFAFE}"
EndProject
Project("{FAE04EC0-301F-11D3-BF4B-00C04F79EFBC}") = "CdelService", "CdelService\CdelService.csproj", "{CA512E4D-9F3D-4A8E-B8BB-CB4080DD7C0C}"
EndProject
Project("{FAE04EC0-301F-11D3-BF4B-00C04F79EFBC}") = "RestorTool", "RestorTool\RestorTool.csproj", "{1D3A3D44-DA13-4397-8369-0B25525E41CB}"
EndProject
Project("{FAE04EC0-301F-11D3-BF4B-00C04F79EFBC}") = "TestVersion", "TestProject\TestVersion\TestVersion.csproj", "{665FA264-1BA2-40A5-9578-F6B0A77F69CD}"
EndProject
Project("{FAE04EC0-301F-11D3-BF4B-00C04F79EFBC}") = "NetCheck", "FixTool\NetCheck\NetCheck.csproj", "{8731DCF8-65BA-43FB-B70E-C382CC41CCDE}"
EndProject
Project("{FAE04EC0-301F-11D3-BF4B-00C04F79EFBC}") = "NetCheckDot4", "FixTool\NetCheckDot4\NetCheckDot4.csproj", "{A0ADA21C-9782-4C40-A4B0-5A0425844435}"
EndProject
Global
	GlobalSection(SolutionConfigurationPlatforms) = preSolution
		Debug|Any CPU = Debug|Any CPU
		Debug|Mixed Platforms = Debug|Mixed Platforms
		Debug|Win32 = Debug|Win32
		Debug|x86 = Debug|x86
		Release|Any CPU = Release|Any CPU
		Release|Mixed Platforms = Release|Mixed Platforms
		Release|Win32 = Release|Win32
		Release|x86 = Release|x86
	EndGlobalSection
	GlobalSection(ProjectConfigurationPlatforms) = postSolution
		{C61F9604-239A-4309-939C-65CD335F2B91}.Debug|Any CPU.ActiveCfg = Debug|Any CPU
		{C61F9604-239A-4309-939C-65CD335F2B91}.Debug|Any CPU.Build.0 = Debug|Any CPU
		{C61F9604-239A-4309-939C-65CD335F2B91}.Debug|Mixed Platforms.ActiveCfg = Debug|Any CPU
		{C61F9604-239A-4309-939C-65CD335F2B91}.Debug|Mixed Platforms.Build.0 = Debug|Any CPU
		{C61F9604-239A-4309-939C-65CD335F2B91}.Debug|Win32.ActiveCfg = Debug|Any CPU
		{C61F9604-239A-4309-939C-65CD335F2B91}.Debug|x86.ActiveCfg = Debug|Any CPU
		{C61F9604-239A-4309-939C-65CD335F2B91}.Release|Any CPU.ActiveCfg = Release|Any CPU
		{C61F9604-239A-4309-939C-65CD335F2B91}.Release|Any CPU.Build.0 = Release|Any CPU
		{C61F9604-239A-4309-939C-65CD335F2B91}.Release|Mixed Platforms.ActiveCfg = Release|Any CPU
		{C61F9604-239A-4309-939C-65CD335F2B91}.Release|Mixed Platforms.Build.0 = Release|Any CPU
		{C61F9604-239A-4309-939C-65CD335F2B91}.Release|Win32.ActiveCfg = Release|Any CPU
		{C61F9604-239A-4309-939C-65CD335F2B91}.Release|x86.ActiveCfg = Release|Any CPU
		{C61F9604-239A-4309-939C-65CD335F2B91}.Release|x86.Build.0 = Release|Any CPU
		{460D10DD-AB76-4370-A827-57F14223A670}.Debug|Any CPU.ActiveCfg = Debug|x86
		{460D10DD-AB76-4370-A827-57F14223A670}.Debug|Mixed Platforms.ActiveCfg = Debug|x86
		{460D10DD-AB76-4370-A827-57F14223A670}.Debug|Mixed Platforms.Build.0 = Debug|x86
		{460D10DD-AB76-4370-A827-57F14223A670}.Debug|Win32.ActiveCfg = Debug|x86
		{460D10DD-AB76-4370-A827-57F14223A670}.Debug|Win32.Build.0 = Debug|x86
		{460D10DD-AB76-4370-A827-57F14223A670}.Debug|x86.ActiveCfg = Debug|x86
		{460D10DD-AB76-4370-A827-57F14223A670}.Debug|x86.Build.0 = Debug|x86
		{460D10DD-AB76-4370-A827-57F14223A670}.Release|Any CPU.ActiveCfg = Release|x86
		{460D10DD-AB76-4370-A827-57F14223A670}.Release|Any CPU.Build.0 = Release|x86
		{460D10DD-AB76-4370-A827-57F14223A670}.Release|Mixed Platforms.ActiveCfg = Release|x86
		{460D10DD-AB76-4370-A827-57F14223A670}.Release|Mixed Platforms.Build.0 = Release|x86
		{460D10DD-AB76-4370-A827-57F14223A670}.Release|Win32.ActiveCfg = Release|x86
		{460D10DD-AB76-4370-A827-57F14223A670}.Release|Win32.Build.0 = Release|x86
		{460D10DD-AB76-4370-A827-57F14223A670}.Release|x86.ActiveCfg = Release|x86
		{460D10DD-AB76-4370-A827-57F14223A670}.Release|x86.Build.0 = Release|x86
		{ECA59E28-61F8-4460-B8D7-8590A34E1EA8}.Debug|Any CPU.ActiveCfg = Debug|Win32
		{ECA59E28-61F8-4460-B8D7-8590A34E1EA8}.Debug|Mixed Platforms.ActiveCfg = Debug|Win32
		{ECA59E28-61F8-4460-B8D7-8590A34E1EA8}.Debug|Mixed Platforms.Build.0 = Debug|Win32
		{ECA59E28-61F8-4460-B8D7-8590A34E1EA8}.Debug|Win32.ActiveCfg = Debug|Win32
		{ECA59E28-61F8-4460-B8D7-8590A34E1EA8}.Debug|Win32.Build.0 = Debug|Win32
		{ECA59E28-61F8-4460-B8D7-8590A34E1EA8}.Debug|x86.ActiveCfg = Debug|Win32
		{ECA59E28-61F8-4460-B8D7-8590A34E1EA8}.Debug|x86.Build.0 = Debug|Win32
		{ECA59E28-61F8-4460-B8D7-8590A34E1EA8}.Release|Any CPU.ActiveCfg = Release|Win32
		{ECA59E28-61F8-4460-B8D7-8590A34E1EA8}.Release|Mixed Platforms.ActiveCfg = Release|Win32
		{ECA59E28-61F8-4460-B8D7-8590A34E1EA8}.Release|Mixed Platforms.Build.0 = Release|Win32
		{ECA59E28-61F8-4460-B8D7-8590A34E1EA8}.Release|Win32.ActiveCfg = Release|Win32
		{ECA59E28-61F8-4460-B8D7-8590A34E1EA8}.Release|Win32.Build.0 = Release|Win32
		{ECA59E28-61F8-4460-B8D7-8590A34E1EA8}.Release|x86.ActiveCfg = Release|Win32
		{ECA59E28-61F8-4460-B8D7-8590A34E1EA8}.Release|x86.Build.0 = Release|Win32
		{EC659629-09C1-4CC4-8F25-A3F772B1941C}.Debug|Any CPU.ActiveCfg = Debug|Win32
		{EC659629-09C1-4CC4-8F25-A3F772B1941C}.Debug|Mixed Platforms.ActiveCfg = Debug|Win32
		{EC659629-09C1-4CC4-8F25-A3F772B1941C}.Debug|Mixed Platforms.Build.0 = Debug|Win32
		{EC659629-09C1-4CC4-8F25-A3F772B1941C}.Debug|Win32.ActiveCfg = Debug|Win32
		{EC659629-09C1-4CC4-8F25-A3F772B1941C}.Debug|Win32.Build.0 = Debug|Win32
		{EC659629-09C1-4CC4-8F25-A3F772B1941C}.Debug|x86.ActiveCfg = Debug|Win32
		{EC659629-09C1-4CC4-8F25-A3F772B1941C}.Debug|x86.Build.0 = Debug|Win32
		{EC659629-09C1-4CC4-8F25-A3F772B1941C}.Release|Any CPU.ActiveCfg = Release|Win32
		{EC659629-09C1-4CC4-8F25-A3F772B1941C}.Release|Mixed Platforms.ActiveCfg = Release|Win32
		{EC659629-09C1-4CC4-8F25-A3F772B1941C}.Release|Mixed Platforms.Build.0 = Release|Win32
		{EC659629-09C1-4CC4-8F25-A3F772B1941C}.Release|Win32.ActiveCfg = Release|Win32
		{EC659629-09C1-4CC4-8F25-A3F772B1941C}.Release|Win32.Build.0 = Release|Win32
		{EC659629-09C1-4CC4-8F25-A3F772B1941C}.Release|x86.ActiveCfg = Release|Win32
		{EC659629-09C1-4CC4-8F25-A3F772B1941C}.Release|x86.Build.0 = Release|Win32
		{7E8C19B9-629A-477A-8F6E-CC03B49C7342}.Debug|Any CPU.ActiveCfg = Debug|Any CPU
		{7E8C19B9-629A-477A-8F6E-CC03B49C7342}.Debug|Any CPU.Build.0 = Debug|Any CPU
		{7E8C19B9-629A-477A-8F6E-CC03B49C7342}.Debug|Mixed Platforms.ActiveCfg = Debug|Any CPU
		{7E8C19B9-629A-477A-8F6E-CC03B49C7342}.Debug|Mixed Platforms.Build.0 = Debug|Any CPU
		{7E8C19B9-629A-477A-8F6E-CC03B49C7342}.Debug|Win32.ActiveCfg = Debug|Any CPU
		{7E8C19B9-629A-477A-8F6E-CC03B49C7342}.Debug|x86.ActiveCfg = Debug|Any CPU
		{7E8C19B9-629A-477A-8F6E-CC03B49C7342}.Release|Any CPU.ActiveCfg = Release|Any CPU
		{7E8C19B9-629A-477A-8F6E-CC03B49C7342}.Release|Any CPU.Build.0 = Release|Any CPU
		{7E8C19B9-629A-477A-8F6E-CC03B49C7342}.Release|Mixed Platforms.ActiveCfg = Release|Any CPU
		{7E8C19B9-629A-477A-8F6E-CC03B49C7342}.Release|Mixed Platforms.Build.0 = Release|Any CPU
		{7E8C19B9-629A-477A-8F6E-CC03B49C7342}.Release|Win32.ActiveCfg = Release|Any CPU
		{7E8C19B9-629A-477A-8F6E-CC03B49C7342}.Release|x86.ActiveCfg = Release|Any CPU
		{9D198C2A-9D21-43E5-B63E-E72CB82EC067}.Debug|Any CPU.ActiveCfg = Debug|Any CPU
		{9D198C2A-9D21-43E5-B63E-E72CB82EC067}.Debug|Any CPU.Build.0 = Debug|Any CPU
		{9D198C2A-9D21-43E5-B63E-E72CB82EC067}.Debug|Mixed Platforms.ActiveCfg = Debug|Any CPU
		{9D198C2A-9D21-43E5-B63E-E72CB82EC067}.Debug|Mixed Platforms.Build.0 = Debug|Any CPU
		{9D198C2A-9D21-43E5-B63E-E72CB82EC067}.Debug|Win32.ActiveCfg = Debug|Any CPU
		{9D198C2A-9D21-43E5-B63E-E72CB82EC067}.Debug|x86.ActiveCfg = Debug|Any CPU
		{9D198C2A-9D21-43E5-B63E-E72CB82EC067}.Release|Any CPU.ActiveCfg = Release|Any CPU
		{9D198C2A-9D21-43E5-B63E-E72CB82EC067}.Release|Any CPU.Build.0 = Release|Any CPU
		{9D198C2A-9D21-43E5-B63E-E72CB82EC067}.Release|Mixed Platforms.ActiveCfg = Release|Any CPU
		{9D198C2A-9D21-43E5-B63E-E72CB82EC067}.Release|Mixed Platforms.Build.0 = Release|Any CPU
		{9D198C2A-9D21-43E5-B63E-E72CB82EC067}.Release|Win32.ActiveCfg = Release|Any CPU
		{9D198C2A-9D21-43E5-B63E-E72CB82EC067}.Release|x86.ActiveCfg = Release|Any CPU
		{6893D0D6-07F6-49DD-B709-5549C63E8EE6}.Debug|Any CPU.ActiveCfg = Debug|x86
		{6893D0D6-07F6-49DD-B709-5549C63E8EE6}.Debug|Mixed Platforms.ActiveCfg = Debug|x86
		{6893D0D6-07F6-49DD-B709-5549C63E8EE6}.Debug|Mixed Platforms.Build.0 = Debug|x86
		{6893D0D6-07F6-49DD-B709-5549C63E8EE6}.Debug|Win32.ActiveCfg = Debug|x86
		{6893D0D6-07F6-49DD-B709-5549C63E8EE6}.Debug|Win32.Build.0 = Debug|x86
		{6893D0D6-07F6-49DD-B709-5549C63E8EE6}.Debug|x86.ActiveCfg = Debug|x86
		{6893D0D6-07F6-49DD-B709-5549C63E8EE6}.Debug|x86.Build.0 = Debug|x86
		{6893D0D6-07F6-49DD-B709-5549C63E8EE6}.Release|Any CPU.ActiveCfg = Release|x86
		{6893D0D6-07F6-49DD-B709-5549C63E8EE6}.Release|Mixed Platforms.ActiveCfg = Release|x86
		{6893D0D6-07F6-49DD-B709-5549C63E8EE6}.Release|Mixed Platforms.Build.0 = Release|x86
		{6893D0D6-07F6-49DD-B709-5549C63E8EE6}.Release|Win32.ActiveCfg = Release|x86
		{6893D0D6-07F6-49DD-B709-5549C63E8EE6}.Release|Win32.Build.0 = Release|x86
		{6893D0D6-07F6-49DD-B709-5549C63E8EE6}.Release|x86.ActiveCfg = Release|x86
		{6893D0D6-07F6-49DD-B709-5549C63E8EE6}.Release|x86.Build.0 = Release|x86
		{601A0962-DAA9-4C4A-86A4-51710B44EE9A}.Debug|Any CPU.ActiveCfg = Debug|Any CPU
		{601A0962-DAA9-4C4A-86A4-51710B44EE9A}.Debug|Any CPU.Build.0 = Debug|Any CPU
		{601A0962-DAA9-4C4A-86A4-51710B44EE9A}.Debug|Mixed Platforms.ActiveCfg = Debug|Any CPU
		{601A0962-DAA9-4C4A-86A4-51710B44EE9A}.Debug|Mixed Platforms.Build.0 = Debug|Any CPU
		{601A0962-DAA9-4C4A-86A4-51710B44EE9A}.Debug|Win32.ActiveCfg = Debug|Any CPU
		{601A0962-DAA9-4C4A-86A4-51710B44EE9A}.Debug|x86.ActiveCfg = Debug|Any CPU
		{601A0962-DAA9-4C4A-86A4-51710B44EE9A}.Release|Any CPU.ActiveCfg = Release|Any CPU
		{601A0962-DAA9-4C4A-86A4-51710B44EE9A}.Release|Any CPU.Build.0 = Release|Any CPU
		{601A0962-DAA9-4C4A-86A4-51710B44EE9A}.Release|Mixed Platforms.ActiveCfg = Release|Any CPU
		{601A0962-DAA9-4C4A-86A4-51710B44EE9A}.Release|Mixed Platforms.Build.0 = Release|Any CPU
		{601A0962-DAA9-4C4A-86A4-51710B44EE9A}.Release|Win32.ActiveCfg = Release|Any CPU
		{601A0962-DAA9-4C4A-86A4-51710B44EE9A}.Release|x86.ActiveCfg = Release|Any CPU
		{265B7475-2E5E-4EC6-BB8A-7BC7BAAFDF40}.Debug|Any CPU.ActiveCfg = Debug|x86
		{265B7475-2E5E-4EC6-BB8A-7BC7BAAFDF40}.Debug|Mixed Platforms.ActiveCfg = Debug|x86
		{265B7475-2E5E-4EC6-BB8A-7BC7BAAFDF40}.Debug|Mixed Platforms.Build.0 = Debug|x86
		{265B7475-2E5E-4EC6-BB8A-7BC7BAAFDF40}.Debug|Win32.ActiveCfg = Debug|x86
		{265B7475-2E5E-4EC6-BB8A-7BC7BAAFDF40}.Debug|Win32.Build.0 = Debug|x86
		{265B7475-2E5E-4EC6-BB8A-7BC7BAAFDF40}.Debug|x86.ActiveCfg = Debug|x86
		{265B7475-2E5E-4EC6-BB8A-7BC7BAAFDF40}.Debug|x86.Build.0 = Debug|x86
		{265B7475-2E5E-4EC6-BB8A-7BC7BAAFDF40}.Release|Any CPU.ActiveCfg = Release|x86
		{265B7475-2E5E-4EC6-BB8A-7BC7BAAFDF40}.Release|Any CPU.Build.0 = Release|x86
		{265B7475-2E5E-4EC6-BB8A-7BC7BAAFDF40}.Release|Mixed Platforms.ActiveCfg = Release|x86
		{265B7475-2E5E-4EC6-BB8A-7BC7BAAFDF40}.Release|Mixed Platforms.Build.0 = Release|x86
		{265B7475-2E5E-4EC6-BB8A-7BC7BAAFDF40}.Release|Win32.ActiveCfg = Release|x86
		{265B7475-2E5E-4EC6-BB8A-7BC7BAAFDF40}.Release|Win32.Build.0 = Release|x86
		{265B7475-2E5E-4EC6-BB8A-7BC7BAAFDF40}.Release|x86.ActiveCfg = Release|x86
		{265B7475-2E5E-4EC6-BB8A-7BC7BAAFDF40}.Release|x86.Build.0 = Release|x86
		{46FF5DB7-3C4F-4A40-8F8D-07DFAF06C654}.Debug|Any CPU.ActiveCfg = Debug|x86
		{46FF5DB7-3C4F-4A40-8F8D-07DFAF06C654}.Debug|Mixed Platforms.ActiveCfg = Debug|x86
		{46FF5DB7-3C4F-4A40-8F8D-07DFAF06C654}.Debug|Mixed Platforms.Build.0 = Debug|x86
		{46FF5DB7-3C4F-4A40-8F8D-07DFAF06C654}.Debug|Win32.ActiveCfg = Debug|x86
		{46FF5DB7-3C4F-4A40-8F8D-07DFAF06C654}.Debug|Win32.Build.0 = Debug|x86
		{46FF5DB7-3C4F-4A40-8F8D-07DFAF06C654}.Debug|x86.ActiveCfg = Debug|x86
		{46FF5DB7-3C4F-4A40-8F8D-07DFAF06C654}.Debug|x86.Build.0 = Debug|x86
		{46FF5DB7-3C4F-4A40-8F8D-07DFAF06C654}.Release|Any CPU.ActiveCfg = Release|x86
		{46FF5DB7-3C4F-4A40-8F8D-07DFAF06C654}.Release|Mixed Platforms.ActiveCfg = Release|x86
		{46FF5DB7-3C4F-4A40-8F8D-07DFAF06C654}.Release|Mixed Platforms.Build.0 = Release|x86
		{46FF5DB7-3C4F-4A40-8F8D-07DFAF06C654}.Release|Win32.ActiveCfg = Release|x86
		{46FF5DB7-3C4F-4A40-8F8D-07DFAF06C654}.Release|Win32.Build.0 = Release|x86
		{46FF5DB7-3C4F-4A40-8F8D-07DFAF06C654}.Release|x86.ActiveCfg = Release|x86
		{46FF5DB7-3C4F-4A40-8F8D-07DFAF06C654}.Release|x86.Build.0 = Release|x86
		{CB5FA092-EE0E-4500-8DC1-D0E48F402AEB}.Debug|Any CPU.ActiveCfg = Debug|Any CPU
		{CB5FA092-EE0E-4500-8DC1-D0E48F402AEB}.Debug|Any CPU.Build.0 = Debug|Any CPU
		{CB5FA092-EE0E-4500-8DC1-D0E48F402AEB}.Debug|Mixed Platforms.ActiveCfg = Debug|Any CPU
		{CB5FA092-EE0E-4500-8DC1-D0E48F402AEB}.Debug|Mixed Platforms.Build.0 = Debug|Any CPU
		{CB5FA092-EE0E-4500-8DC1-D0E48F402AEB}.Debug|Win32.ActiveCfg = Debug|Any CPU
		{CB5FA092-EE0E-4500-8DC1-D0E48F402AEB}.Debug|x86.ActiveCfg = Debug|Any CPU
		{CB5FA092-EE0E-4500-8DC1-D0E48F402AEB}.Release|Any CPU.ActiveCfg = Release|Any CPU
		{CB5FA092-EE0E-4500-8DC1-D0E48F402AEB}.Release|Any CPU.Build.0 = Release|Any CPU
		{CB5FA092-EE0E-4500-8DC1-D0E48F402AEB}.Release|Mixed Platforms.ActiveCfg = Release|Any CPU
		{CB5FA092-EE0E-4500-8DC1-D0E48F402AEB}.Release|Mixed Platforms.Build.0 = Release|Any CPU
		{CB5FA092-EE0E-4500-8DC1-D0E48F402AEB}.Release|Win32.ActiveCfg = Release|Any CPU
		{CB5FA092-EE0E-4500-8DC1-D0E48F402AEB}.Release|x86.ActiveCfg = Release|Any CPU
		{73670AA1-0DAA-41F7-B0EF-4A8A2FB5AF22}.Debug|Any CPU.ActiveCfg = Debug|x86
		{73670AA1-0DAA-41F7-B0EF-4A8A2FB5AF22}.Debug|Mixed Platforms.ActiveCfg = Debug|x86
		{73670AA1-0DAA-41F7-B0EF-4A8A2FB5AF22}.Debug|Mixed Platforms.Build.0 = Debug|x86
		{73670AA1-0DAA-41F7-B0EF-4A8A2FB5AF22}.Debug|Win32.ActiveCfg = Debug|x86
		{73670AA1-0DAA-41F7-B0EF-4A8A2FB5AF22}.Debug|Win32.Build.0 = Debug|x86
		{73670AA1-0DAA-41F7-B0EF-4A8A2FB5AF22}.Debug|x86.ActiveCfg = Debug|x86
		{73670AA1-0DAA-41F7-B0EF-4A8A2FB5AF22}.Debug|x86.Build.0 = Debug|x86
		{73670AA1-0DAA-41F7-B0EF-4A8A2FB5AF22}.Release|Any CPU.ActiveCfg = Release|x86
		{73670AA1-0DAA-41F7-B0EF-4A8A2FB5AF22}.Release|Any CPU.Build.0 = Release|x86
		{73670AA1-0DAA-41F7-B0EF-4A8A2FB5AF22}.Release|Mixed Platforms.ActiveCfg = Release|x86
		{73670AA1-0DAA-41F7-B0EF-4A8A2FB5AF22}.Release|Mixed Platforms.Build.0 = Release|x86
		{73670AA1-0DAA-41F7-B0EF-4A8A2FB5AF22}.Release|Win32.ActiveCfg = Release|x86
		{73670AA1-0DAA-41F7-B0EF-4A8A2FB5AF22}.Release|Win32.Build.0 = Release|x86
		{73670AA1-0DAA-41F7-B0EF-4A8A2FB5AF22}.Release|x86.ActiveCfg = Release|x86
		{73670AA1-0DAA-41F7-B0EF-4A8A2FB5AF22}.Release|x86.Build.0 = Release|x86
		{BF92191F-02B5-4741-A8D2-7C506153370D}.Debug|Any CPU.ActiveCfg = Debug|Any CPU
		{BF92191F-02B5-4741-A8D2-7C506153370D}.Debug|Any CPU.Build.0 = Debug|Any CPU
		{BF92191F-02B5-4741-A8D2-7C506153370D}.Debug|Mixed Platforms.ActiveCfg = Debug|Any CPU
		{BF92191F-02B5-4741-A8D2-7C506153370D}.Debug|Mixed Platforms.Build.0 = Debug|Any CPU
		{BF92191F-02B5-4741-A8D2-7C506153370D}.Debug|Win32.ActiveCfg = Debug|Any CPU
		{BF92191F-02B5-4741-A8D2-7C506153370D}.Debug|x86.ActiveCfg = Debug|Any CPU
		{BF92191F-02B5-4741-A8D2-7C506153370D}.Release|Any CPU.ActiveCfg = Release|Any CPU
		{BF92191F-02B5-4741-A8D2-7C506153370D}.Release|Any CPU.Build.0 = Release|Any CPU
		{BF92191F-02B5-4741-A8D2-7C506153370D}.Release|Mixed Platforms.ActiveCfg = Release|Any CPU
		{BF92191F-02B5-4741-A8D2-7C506153370D}.Release|Mixed Platforms.Build.0 = Release|Any CPU
		{BF92191F-02B5-4741-A8D2-7C506153370D}.Release|Win32.ActiveCfg = Release|Any CPU
		{BF92191F-02B5-4741-A8D2-7C506153370D}.Release|x86.ActiveCfg = Release|Any CPU
		{7338A8C8-6DDA-498C-A5E7-CA4FA7000543}.Debug|Any CPU.ActiveCfg = Debug|x86
		{7338A8C8-6DDA-498C-A5E7-CA4FA7000543}.Debug|Mixed Platforms.ActiveCfg = Debug|x86
		{7338A8C8-6DDA-498C-A5E7-CA4FA7000543}.Debug|Mixed Platforms.Build.0 = Debug|x86
		{7338A8C8-6DDA-498C-A5E7-CA4FA7000543}.Debug|Win32.ActiveCfg = Debug|x86
		{7338A8C8-6DDA-498C-A5E7-CA4FA7000543}.Debug|Win32.Build.0 = Debug|x86
		{7338A8C8-6DDA-498C-A5E7-CA4FA7000543}.Debug|x86.ActiveCfg = Debug|x86
		{7338A8C8-6DDA-498C-A5E7-CA4FA7000543}.Debug|x86.Build.0 = Debug|x86
		{7338A8C8-6DDA-498C-A5E7-CA4FA7000543}.Release|Any CPU.ActiveCfg = Release|x86
		{7338A8C8-6DDA-498C-A5E7-CA4FA7000543}.Release|Mixed Platforms.ActiveCfg = Release|x86
		{7338A8C8-6DDA-498C-A5E7-CA4FA7000543}.Release|Mixed Platforms.Build.0 = Release|x86
		{7338A8C8-6DDA-498C-A5E7-CA4FA7000543}.Release|Win32.ActiveCfg = Release|x86
		{7338A8C8-6DDA-498C-A5E7-CA4FA7000543}.Release|Win32.Build.0 = Release|x86
		{7338A8C8-6DDA-498C-A5E7-CA4FA7000543}.Release|x86.ActiveCfg = Release|x86
		{7338A8C8-6DDA-498C-A5E7-CA4FA7000543}.Release|x86.Build.0 = Release|x86
		{D8CD9ED6-0034-4423-A16F-D0BABD13477E}.Debug|Any CPU.ActiveCfg = Debug|Any CPU
		{D8CD9ED6-0034-4423-A16F-D0BABD13477E}.Debug|Any CPU.Build.0 = Debug|Any CPU
		{D8CD9ED6-0034-4423-A16F-D0BABD13477E}.Debug|Mixed Platforms.ActiveCfg = Debug|Any CPU
		{D8CD9ED6-0034-4423-A16F-D0BABD13477E}.Debug|Mixed Platforms.Build.0 = Debug|Any CPU
		{D8CD9ED6-0034-4423-A16F-D0BABD13477E}.Debug|Win32.ActiveCfg = Debug|Any CPU
		{D8CD9ED6-0034-4423-A16F-D0BABD13477E}.Debug|x86.ActiveCfg = Debug|Any CPU
		{D8CD9ED6-0034-4423-A16F-D0BABD13477E}.Release|Any CPU.ActiveCfg = Release|Any CPU
		{D8CD9ED6-0034-4423-A16F-D0BABD13477E}.Release|Any CPU.Build.0 = Release|Any CPU
		{D8CD9ED6-0034-4423-A16F-D0BABD13477E}.Release|Mixed Platforms.ActiveCfg = Release|Any CPU
		{D8CD9ED6-0034-4423-A16F-D0BABD13477E}.Release|Mixed Platforms.Build.0 = Release|Any CPU
		{D8CD9ED6-0034-4423-A16F-D0BABD13477E}.Release|Win32.ActiveCfg = Release|Any CPU
		{D8CD9ED6-0034-4423-A16F-D0BABD13477E}.Release|x86.ActiveCfg = Release|Any CPU
		{5D9437F0-C9E0-4FA8-B1CE-138819389783}.Debug|Any CPU.ActiveCfg = Debug|x86
		{5D9437F0-C9E0-4FA8-B1CE-138819389783}.Debug|Mixed Platforms.ActiveCfg = Debug|x86
		{5D9437F0-C9E0-4FA8-B1CE-138819389783}.Debug|Mixed Platforms.Build.0 = Debug|x86
		{5D9437F0-C9E0-4FA8-B1CE-138819389783}.Debug|Win32.ActiveCfg = Debug|x86
		{5D9437F0-C9E0-4FA8-B1CE-138819389783}.Debug|Win32.Build.0 = Debug|x86
		{5D9437F0-C9E0-4FA8-B1CE-138819389783}.Debug|x86.ActiveCfg = Debug|x86
		{5D9437F0-C9E0-4FA8-B1CE-138819389783}.Debug|x86.Build.0 = Debug|x86
		{5D9437F0-C9E0-4FA8-B1CE-138819389783}.Release|Any CPU.ActiveCfg = Release|x86
		{5D9437F0-C9E0-4FA8-B1CE-138819389783}.Release|Any CPU.Build.0 = Release|x86
		{5D9437F0-C9E0-4FA8-B1CE-138819389783}.Release|Mixed Platforms.ActiveCfg = Release|x86
		{5D9437F0-C9E0-4FA8-B1CE-138819389783}.Release|Mixed Platforms.Build.0 = Release|x86
		{5D9437F0-C9E0-4FA8-B1CE-138819389783}.Release|Win32.ActiveCfg = Release|x86
		{5D9437F0-C9E0-4FA8-B1CE-138819389783}.Release|Win32.Build.0 = Release|x86
		{5D9437F0-C9E0-4FA8-B1CE-138819389783}.Release|x86.ActiveCfg = Release|x86
		{5D9437F0-C9E0-4FA8-B1CE-138819389783}.Release|x86.Build.0 = Release|x86
		{3F3805D8-AA2E-43FD-BA9B-AFA2185C9CCD}.Debug|Any CPU.ActiveCfg = Debug|x86
		{3F3805D8-AA2E-43FD-BA9B-AFA2185C9CCD}.Debug|Mixed Platforms.ActiveCfg = Debug|x86
		{3F3805D8-AA2E-43FD-BA9B-AFA2185C9CCD}.Debug|Mixed Platforms.Build.0 = Debug|x86
		{3F3805D8-AA2E-43FD-BA9B-AFA2185C9CCD}.Debug|Win32.ActiveCfg = Debug|x86
		{3F3805D8-AA2E-43FD-BA9B-AFA2185C9CCD}.Debug|Win32.Build.0 = Debug|x86
		{3F3805D8-AA2E-43FD-BA9B-AFA2185C9CCD}.Debug|x86.ActiveCfg = Debug|x86
		{3F3805D8-AA2E-43FD-BA9B-AFA2185C9CCD}.Debug|x86.Build.0 = Debug|x86
		{3F3805D8-AA2E-43FD-BA9B-AFA2185C9CCD}.Release|Any CPU.ActiveCfg = Release|x86
		{3F3805D8-AA2E-43FD-BA9B-AFA2185C9CCD}.Release|Mixed Platforms.ActiveCfg = Release|x86
		{3F3805D8-AA2E-43FD-BA9B-AFA2185C9CCD}.Release|Mixed Platforms.Build.0 = Release|x86
		{3F3805D8-AA2E-43FD-BA9B-AFA2185C9CCD}.Release|Win32.ActiveCfg = Release|x86
		{3F3805D8-AA2E-43FD-BA9B-AFA2185C9CCD}.Release|Win32.Build.0 = Release|x86
		{3F3805D8-AA2E-43FD-BA9B-AFA2185C9CCD}.Release|x86.ActiveCfg = Release|x86
		{3F3805D8-AA2E-43FD-BA9B-AFA2185C9CCD}.Release|x86.Build.0 = Release|x86
		{B699E885-C655-47A9-98DE-6185FBB23E4B}.Debug|Any CPU.ActiveCfg = Debug|x86
		{B699E885-C655-47A9-98DE-6185FBB23E4B}.Debug|Mixed Platforms.ActiveCfg = Debug|x86
		{B699E885-C655-47A9-98DE-6185FBB23E4B}.Debug|Mixed Platforms.Build.0 = Debug|x86
		{B699E885-C655-47A9-98DE-6185FBB23E4B}.Debug|Win32.ActiveCfg = Debug|x86
		{B699E885-C655-47A9-98DE-6185FBB23E4B}.Debug|Win32.Build.0 = Debug|x86
		{B699E885-C655-47A9-98DE-6185FBB23E4B}.Debug|x86.ActiveCfg = Debug|x86
		{B699E885-C655-47A9-98DE-6185FBB23E4B}.Debug|x86.Build.0 = Debug|x86
		{B699E885-C655-47A9-98DE-6185FBB23E4B}.Release|Any CPU.ActiveCfg = Release|x86
		{B699E885-C655-47A9-98DE-6185FBB23E4B}.Release|Any CPU.Build.0 = Release|x86
		{B699E885-C655-47A9-98DE-6185FBB23E4B}.Release|Mixed Platforms.ActiveCfg = Release|x86
		{B699E885-C655-47A9-98DE-6185FBB23E4B}.Release|Mixed Platforms.Build.0 = Release|x86
		{B699E885-C655-47A9-98DE-6185FBB23E4B}.Release|Win32.ActiveCfg = Release|x86
		{B699E885-C655-47A9-98DE-6185FBB23E4B}.Release|Win32.Build.0 = Release|x86
		{B699E885-C655-47A9-98DE-6185FBB23E4B}.Release|x86.ActiveCfg = Release|x86
		{B699E885-C655-47A9-98DE-6185FBB23E4B}.Release|x86.Build.0 = Release|x86
		{6E2C24E1-2C5F-4DFF-8D7B-A36E7F4B4EDD}.Debug|Any CPU.ActiveCfg = Debug|x86
		{6E2C24E1-2C5F-4DFF-8D7B-A36E7F4B4EDD}.Debug|Mixed Platforms.ActiveCfg = Debug|x86
		{6E2C24E1-2C5F-4DFF-8D7B-A36E7F4B4EDD}.Debug|Mixed Platforms.Build.0 = Debug|x86
		{6E2C24E1-2C5F-4DFF-8D7B-A36E7F4B4EDD}.Debug|Win32.ActiveCfg = Debug|x86
		{6E2C24E1-2C5F-4DFF-8D7B-A36E7F4B4EDD}.Debug|Win32.Build.0 = Debug|x86
		{6E2C24E1-2C5F-4DFF-8D7B-A36E7F4B4EDD}.Debug|x86.ActiveCfg = Debug|x86
		{6E2C24E1-2C5F-4DFF-8D7B-A36E7F4B4EDD}.Debug|x86.Build.0 = Debug|x86
		{6E2C24E1-2C5F-4DFF-8D7B-A36E7F4B4EDD}.Release|Any CPU.ActiveCfg = Release|x86
		{6E2C24E1-2C5F-4DFF-8D7B-A36E7F4B4EDD}.Release|Any CPU.Build.0 = Release|x86
		{6E2C24E1-2C5F-4DFF-8D7B-A36E7F4B4EDD}.Release|Mixed Platforms.ActiveCfg = Release|x86
		{6E2C24E1-2C5F-4DFF-8D7B-A36E7F4B4EDD}.Release|Mixed Platforms.Build.0 = Release|x86
		{6E2C24E1-2C5F-4DFF-8D7B-A36E7F4B4EDD}.Release|Win32.ActiveCfg = Release|x86
		{6E2C24E1-2C5F-4DFF-8D7B-A36E7F4B4EDD}.Release|Win32.Build.0 = Release|x86
		{6E2C24E1-2C5F-4DFF-8D7B-A36E7F4B4EDD}.Release|x86.ActiveCfg = Release|x86
		{6E2C24E1-2C5F-4DFF-8D7B-A36E7F4B4EDD}.Release|x86.Build.0 = Release|x86
		{609D9BCB-0F6A-4819-BD6F-055D91027C2F}.Debug|Any CPU.ActiveCfg = Debug|x86
		{609D9BCB-0F6A-4819-BD6F-055D91027C2F}.Debug|Mixed Platforms.ActiveCfg = Debug|x86
		{609D9BCB-0F6A-4819-BD6F-055D91027C2F}.Debug|Mixed Platforms.Build.0 = Debug|x86
		{609D9BCB-0F6A-4819-BD6F-055D91027C2F}.Debug|Win32.ActiveCfg = Debug|x86
		{609D9BCB-0F6A-4819-BD6F-055D91027C2F}.Debug|Win32.Build.0 = Debug|x86
		{609D9BCB-0F6A-4819-BD6F-055D91027C2F}.Debug|x86.ActiveCfg = Debug|x86
		{609D9BCB-0F6A-4819-BD6F-055D91027C2F}.Debug|x86.Build.0 = Debug|x86
		{609D9BCB-0F6A-4819-BD6F-055D91027C2F}.Release|Any CPU.ActiveCfg = Release|x86
		{609D9BCB-0F6A-4819-BD6F-055D91027C2F}.Release|Mixed Platforms.ActiveCfg = Release|x86
		{609D9BCB-0F6A-4819-BD6F-055D91027C2F}.Release|Mixed Platforms.Build.0 = Release|x86
		{609D9BCB-0F6A-4819-BD6F-055D91027C2F}.Release|Win32.ActiveCfg = Release|x86
		{609D9BCB-0F6A-4819-BD6F-055D91027C2F}.Release|Win32.Build.0 = Release|x86
		{609D9BCB-0F6A-4819-BD6F-055D91027C2F}.Release|x86.ActiveCfg = Release|x86
		{609D9BCB-0F6A-4819-BD6F-055D91027C2F}.Release|x86.Build.0 = Release|x86
		{D8D8871B-5A0A-4588-9482-3E6900E90625}.Debug|Any CPU.ActiveCfg = Debug|x86
		{D8D8871B-5A0A-4588-9482-3E6900E90625}.Debug|Mixed Platforms.ActiveCfg = Debug|x86
		{D8D8871B-5A0A-4588-9482-3E6900E90625}.Debug|Mixed Platforms.Build.0 = Debug|x86
		{D8D8871B-5A0A-4588-9482-3E6900E90625}.Debug|Win32.ActiveCfg = Debug|x86
		{D8D8871B-5A0A-4588-9482-3E6900E90625}.Debug|Win32.Build.0 = Debug|x86
		{D8D8871B-5A0A-4588-9482-3E6900E90625}.Debug|x86.ActiveCfg = Debug|x86
		{D8D8871B-5A0A-4588-9482-3E6900E90625}.Debug|x86.Build.0 = Debug|x86
		{D8D8871B-5A0A-4588-9482-3E6900E90625}.Release|Any CPU.ActiveCfg = Release|x86
		{D8D8871B-5A0A-4588-9482-3E6900E90625}.Release|Any CPU.Build.0 = Release|x86
		{D8D8871B-5A0A-4588-9482-3E6900E90625}.Release|Mixed Platforms.ActiveCfg = Release|x86
		{D8D8871B-5A0A-4588-9482-3E6900E90625}.Release|Mixed Platforms.Build.0 = Release|x86
		{D8D8871B-5A0A-4588-9482-3E6900E90625}.Release|Win32.ActiveCfg = Release|x86
		{D8D8871B-5A0A-4588-9482-3E6900E90625}.Release|Win32.Build.0 = Release|x86
		{D8D8871B-5A0A-4588-9482-3E6900E90625}.Release|x86.ActiveCfg = Release|x86
		{D8D8871B-5A0A-4588-9482-3E6900E90625}.Release|x86.Build.0 = Release|x86
		{986C16FF-8DFB-40D0-AEC4-75D6F3ADD2C3}.Debug|Any CPU.ActiveCfg = Debug|x86
		{986C16FF-8DFB-40D0-AEC4-75D6F3ADD2C3}.Debug|Mixed Platforms.ActiveCfg = Debug|x86
		{986C16FF-8DFB-40D0-AEC4-75D6F3ADD2C3}.Debug|Mixed Platforms.Build.0 = Debug|x86
		{986C16FF-8DFB-40D0-AEC4-75D6F3ADD2C3}.Debug|Win32.ActiveCfg = Debug|x86
		{986C16FF-8DFB-40D0-AEC4-75D6F3ADD2C3}.Debug|Win32.Build.0 = Debug|x86
		{986C16FF-8DFB-40D0-AEC4-75D6F3ADD2C3}.Debug|x86.ActiveCfg = Debug|x86
		{986C16FF-8DFB-40D0-AEC4-75D6F3ADD2C3}.Debug|x86.Build.0 = Debug|x86
		{986C16FF-8DFB-40D0-AEC4-75D6F3ADD2C3}.Release|Any CPU.ActiveCfg = Release|x86
		{986C16FF-8DFB-40D0-AEC4-75D6F3ADD2C3}.Release|Any CPU.Build.0 = Release|x86
		{986C16FF-8DFB-40D0-AEC4-75D6F3ADD2C3}.Release|Mixed Platforms.ActiveCfg = Release|x86
		{986C16FF-8DFB-40D0-AEC4-75D6F3ADD2C3}.Release|Mixed Platforms.Build.0 = Release|x86
		{986C16FF-8DFB-40D0-AEC4-75D6F3ADD2C3}.Release|Win32.ActiveCfg = Release|x86
		{986C16FF-8DFB-40D0-AEC4-75D6F3ADD2C3}.Release|Win32.Build.0 = Release|x86
		{986C16FF-8DFB-40D0-AEC4-75D6F3ADD2C3}.Release|x86.ActiveCfg = Release|x86
		{986C16FF-8DFB-40D0-AEC4-75D6F3ADD2C3}.Release|x86.Build.0 = Release|x86
		{3A0F99A6-B6AF-41F8-AADD-0D59FFF2508E}.Debug|Any CPU.ActiveCfg = Debug|x86
		{3A0F99A6-B6AF-41F8-AADD-0D59FFF2508E}.Debug|Mixed Platforms.ActiveCfg = Debug|x86
		{3A0F99A6-B6AF-41F8-AADD-0D59FFF2508E}.Debug|Mixed Platforms.Build.0 = Debug|x86
		{3A0F99A6-B6AF-41F8-AADD-0D59FFF2508E}.Debug|Win32.ActiveCfg = Debug|x86
		{3A0F99A6-B6AF-41F8-AADD-0D59FFF2508E}.Debug|Win32.Build.0 = Debug|x86
		{3A0F99A6-B6AF-41F8-AADD-0D59FFF2508E}.Debug|x86.ActiveCfg = Debug|x86
		{3A0F99A6-B6AF-41F8-AADD-0D59FFF2508E}.Debug|x86.Build.0 = Debug|x86
		{3A0F99A6-B6AF-41F8-AADD-0D59FFF2508E}.Release|Any CPU.ActiveCfg = Release|x86
		{3A0F99A6-B6AF-41F8-AADD-0D59FFF2508E}.Release|Mixed Platforms.ActiveCfg = Release|x86
		{3A0F99A6-B6AF-41F8-AADD-0D59FFF2508E}.Release|Mixed Platforms.Build.0 = Release|x86
		{3A0F99A6-B6AF-41F8-AADD-0D59FFF2508E}.Release|Win32.ActiveCfg = Release|x86
		{3A0F99A6-B6AF-41F8-AADD-0D59FFF2508E}.Release|Win32.Build.0 = Release|x86
		{3A0F99A6-B6AF-41F8-AADD-0D59FFF2508E}.Release|x86.ActiveCfg = Release|x86
		{3A0F99A6-B6AF-41F8-AADD-0D59FFF2508E}.Release|x86.Build.0 = Release|x86
		{FC8D414F-A837-4C7D-B78B-84F171DC169E}.Debug|Any CPU.ActiveCfg = Debug|x86
		{FC8D414F-A837-4C7D-B78B-84F171DC169E}.Debug|Mixed Platforms.ActiveCfg = Debug|x86
		{FC8D414F-A837-4C7D-B78B-84F171DC169E}.Debug|Mixed Platforms.Build.0 = Debug|x86
		{FC8D414F-A837-4C7D-B78B-84F171DC169E}.Debug|Win32.ActiveCfg = Debug|x86
		{FC8D414F-A837-4C7D-B78B-84F171DC169E}.Debug|Win32.Build.0 = Debug|x86
		{FC8D414F-A837-4C7D-B78B-84F171DC169E}.Debug|x86.ActiveCfg = Debug|x86
		{FC8D414F-A837-4C7D-B78B-84F171DC169E}.Debug|x86.Build.0 = Debug|x86
		{FC8D414F-A837-4C7D-B78B-84F171DC169E}.Release|Any CPU.ActiveCfg = Release|x86
		{FC8D414F-A837-4C7D-B78B-84F171DC169E}.Release|Any CPU.Build.0 = Release|x86
		{FC8D414F-A837-4C7D-B78B-84F171DC169E}.Release|Mixed Platforms.ActiveCfg = Release|x86
		{FC8D414F-A837-4C7D-B78B-84F171DC169E}.Release|Mixed Platforms.Build.0 = Release|x86
		{FC8D414F-A837-4C7D-B78B-84F171DC169E}.Release|Win32.ActiveCfg = Release|x86
		{FC8D414F-A837-4C7D-B78B-84F171DC169E}.Release|Win32.Build.0 = Release|x86
		{FC8D414F-A837-4C7D-B78B-84F171DC169E}.Release|x86.ActiveCfg = Release|x86
		{FC8D414F-A837-4C7D-B78B-84F171DC169E}.Release|x86.Build.0 = Release|x86
		{3F63A087-60A9-4B10-9F8B-FD01919295D2}.Debug|Any CPU.ActiveCfg = Debug|x86
		{3F63A087-60A9-4B10-9F8B-FD01919295D2}.Debug|Mixed Platforms.ActiveCfg = Debug|x86
		{3F63A087-60A9-4B10-9F8B-FD01919295D2}.Debug|Mixed Platforms.Build.0 = Debug|x86
		{3F63A087-60A9-4B10-9F8B-FD01919295D2}.Debug|Win32.ActiveCfg = Debug|x86
		{3F63A087-60A9-4B10-9F8B-FD01919295D2}.Debug|Win32.Build.0 = Debug|x86
		{3F63A087-60A9-4B10-9F8B-FD01919295D2}.Debug|x86.ActiveCfg = Debug|x86
		{3F63A087-60A9-4B10-9F8B-FD01919295D2}.Debug|x86.Build.0 = Debug|x86
		{3F63A087-60A9-4B10-9F8B-FD01919295D2}.Release|Any CPU.ActiveCfg = Release|x86
		{3F63A087-60A9-4B10-9F8B-FD01919295D2}.Release|Any CPU.Build.0 = Release|x86
		{3F63A087-60A9-4B10-9F8B-FD01919295D2}.Release|Mixed Platforms.ActiveCfg = Release|x86
		{3F63A087-60A9-4B10-9F8B-FD01919295D2}.Release|Mixed Platforms.Build.0 = Release|x86
		{3F63A087-60A9-4B10-9F8B-FD01919295D2}.Release|Win32.ActiveCfg = Release|x86
		{3F63A087-60A9-4B10-9F8B-FD01919295D2}.Release|Win32.Build.0 = Release|x86
		{3F63A087-60A9-4B10-9F8B-FD01919295D2}.Release|x86.ActiveCfg = Release|x86
		{3F63A087-60A9-4B10-9F8B-FD01919295D2}.Release|x86.Build.0 = Release|x86
		{139E9563-7911-416A-B3A1-F8D1CE5DA9FF}.Debug|Any CPU.ActiveCfg = Debug|x86
		{139E9563-7911-416A-B3A1-F8D1CE5DA9FF}.Debug|Mixed Platforms.ActiveCfg = Debug|x86
		{139E9563-7911-416A-B3A1-F8D1CE5DA9FF}.Debug|Mixed Platforms.Build.0 = Debug|x86
		{139E9563-7911-416A-B3A1-F8D1CE5DA9FF}.Debug|Win32.ActiveCfg = Debug|x86
		{139E9563-7911-416A-B3A1-F8D1CE5DA9FF}.Debug|Win32.Build.0 = Debug|x86
		{139E9563-7911-416A-B3A1-F8D1CE5DA9FF}.Debug|x86.ActiveCfg = Debug|x86
		{139E9563-7911-416A-B3A1-F8D1CE5DA9FF}.Debug|x86.Build.0 = Debug|x86
		{139E9563-7911-416A-B3A1-F8D1CE5DA9FF}.Release|Any CPU.ActiveCfg = Release|x86
		{139E9563-7911-416A-B3A1-F8D1CE5DA9FF}.Release|Mixed Platforms.ActiveCfg = Release|x86
		{139E9563-7911-416A-B3A1-F8D1CE5DA9FF}.Release|Mixed Platforms.Build.0 = Release|x86
		{139E9563-7911-416A-B3A1-F8D1CE5DA9FF}.Release|Win32.ActiveCfg = Release|x86
		{139E9563-7911-416A-B3A1-F8D1CE5DA9FF}.Release|Win32.Build.0 = Release|x86
		{139E9563-7911-416A-B3A1-F8D1CE5DA9FF}.Release|x86.ActiveCfg = Release|x86
		{139E9563-7911-416A-B3A1-F8D1CE5DA9FF}.Release|x86.Build.0 = Release|x86
		{B7758377-D4C2-46EF-862A-F9A99549B6F5}.Debug|Any CPU.ActiveCfg = Debug|x86
		{B7758377-D4C2-46EF-862A-F9A99549B6F5}.Debug|Mixed Platforms.ActiveCfg = Debug|x86
		{B7758377-D4C2-46EF-862A-F9A99549B6F5}.Debug|Mixed Platforms.Build.0 = Debug|x86
		{B7758377-D4C2-46EF-862A-F9A99549B6F5}.Debug|Win32.ActiveCfg = Debug|x86
		{B7758377-D4C2-46EF-862A-F9A99549B6F5}.Debug|Win32.Build.0 = Debug|x86
		{B7758377-D4C2-46EF-862A-F9A99549B6F5}.Debug|x86.ActiveCfg = Debug|x86
		{B7758377-D4C2-46EF-862A-F9A99549B6F5}.Debug|x86.Build.0 = Debug|x86
		{B7758377-D4C2-46EF-862A-F9A99549B6F5}.Release|Any CPU.ActiveCfg = Release|x86
		{B7758377-D4C2-46EF-862A-F9A99549B6F5}.Release|Any CPU.Build.0 = Release|x86
		{B7758377-D4C2-46EF-862A-F9A99549B6F5}.Release|Mixed Platforms.ActiveCfg = Release|x86
		{B7758377-D4C2-46EF-862A-F9A99549B6F5}.Release|Mixed Platforms.Build.0 = Release|x86
		{B7758377-D4C2-46EF-862A-F9A99549B6F5}.Release|Win32.ActiveCfg = Release|x86
		{B7758377-D4C2-46EF-862A-F9A99549B6F5}.Release|Win32.Build.0 = Release|x86
		{B7758377-D4C2-46EF-862A-F9A99549B6F5}.Release|x86.ActiveCfg = Release|x86
		{B7758377-D4C2-46EF-862A-F9A99549B6F5}.Release|x86.Build.0 = Release|x86
		{CD6257B9-CAD7-45E2-8B15-9A1187D84C4E}.Debug|Any CPU.ActiveCfg = Debug|x86
		{CD6257B9-CAD7-45E2-8B15-9A1187D84C4E}.Debug|Mixed Platforms.ActiveCfg = Debug|x86
		{CD6257B9-CAD7-45E2-8B15-9A1187D84C4E}.Debug|Mixed Platforms.Build.0 = Debug|x86
		{CD6257B9-CAD7-45E2-8B15-9A1187D84C4E}.Debug|Win32.ActiveCfg = Debug|x86
		{CD6257B9-CAD7-45E2-8B15-9A1187D84C4E}.Debug|Win32.Build.0 = Debug|x86
		{CD6257B9-CAD7-45E2-8B15-9A1187D84C4E}.Debug|x86.ActiveCfg = Debug|x86
		{CD6257B9-CAD7-45E2-8B15-9A1187D84C4E}.Debug|x86.Build.0 = Debug|x86
		{CD6257B9-CAD7-45E2-8B15-9A1187D84C4E}.Release|Any CPU.ActiveCfg = Release|x86
		{CD6257B9-CAD7-45E2-8B15-9A1187D84C4E}.Release|Any CPU.Build.0 = Release|x86
		{CD6257B9-CAD7-45E2-8B15-9A1187D84C4E}.Release|Mixed Platforms.ActiveCfg = Release|x86
		{CD6257B9-CAD7-45E2-8B15-9A1187D84C4E}.Release|Mixed Platforms.Build.0 = Release|x86
		{CD6257B9-CAD7-45E2-8B15-9A1187D84C4E}.Release|Win32.ActiveCfg = Release|x86
		{CD6257B9-CAD7-45E2-8B15-9A1187D84C4E}.Release|Win32.Build.0 = Release|x86
		{CD6257B9-CAD7-45E2-8B15-9A1187D84C4E}.Release|x86.ActiveCfg = Release|x86
		{CD6257B9-CAD7-45E2-8B15-9A1187D84C4E}.Release|x86.Build.0 = Release|x86
		{036A0DA2-BB9F-4C07-816A-094D8B45EB46}.Debug|Any CPU.ActiveCfg = Debug|x86
		{036A0DA2-BB9F-4C07-816A-094D8B45EB46}.Debug|Mixed Platforms.ActiveCfg = Debug|x86
		{036A0DA2-BB9F-4C07-816A-094D8B45EB46}.Debug|Mixed Platforms.Build.0 = Debug|x86
		{036A0DA2-BB9F-4C07-816A-094D8B45EB46}.Debug|Win32.ActiveCfg = Debug|x86
		{036A0DA2-BB9F-4C07-816A-094D8B45EB46}.Debug|Win32.Build.0 = Debug|x86
		{036A0DA2-BB9F-4C07-816A-094D8B45EB46}.Debug|x86.ActiveCfg = Debug|x86
		{036A0DA2-BB9F-4C07-816A-094D8B45EB46}.Debug|x86.Build.0 = Debug|x86
		{036A0DA2-BB9F-4C07-816A-094D8B45EB46}.Release|Any CPU.ActiveCfg = Release|x86
		{036A0DA2-BB9F-4C07-816A-094D8B45EB46}.Release|Mixed Platforms.ActiveCfg = Release|x86
		{036A0DA2-BB9F-4C07-816A-094D8B45EB46}.Release|Mixed Platforms.Build.0 = Release|x86
		{036A0DA2-BB9F-4C07-816A-094D8B45EB46}.Release|Win32.ActiveCfg = Release|x86
		{036A0DA2-BB9F-4C07-816A-094D8B45EB46}.Release|Win32.Build.0 = Release|x86
		{036A0DA2-BB9F-4C07-816A-094D8B45EB46}.Release|x86.ActiveCfg = Release|x86
		{036A0DA2-BB9F-4C07-816A-094D8B45EB46}.Release|x86.Build.0 = Release|x86
		{75F044E6-95C1-405B-A48D-FF98C9BEAEB1}.Debug|Any CPU.ActiveCfg = Debug|x86
		{75F044E6-95C1-405B-A48D-FF98C9BEAEB1}.Debug|Mixed Platforms.ActiveCfg = Debug|x86
		{75F044E6-95C1-405B-A48D-FF98C9BEAEB1}.Debug|Mixed Platforms.Build.0 = Debug|x86
		{75F044E6-95C1-405B-A48D-FF98C9BEAEB1}.Debug|Win32.ActiveCfg = Debug|x86
		{75F044E6-95C1-405B-A48D-FF98C9BEAEB1}.Debug|Win32.Build.0 = Debug|x86
		{75F044E6-95C1-405B-A48D-FF98C9BEAEB1}.Debug|x86.ActiveCfg = Debug|x86
		{75F044E6-95C1-405B-A48D-FF98C9BEAEB1}.Debug|x86.Build.0 = Debug|x86
		{75F044E6-95C1-405B-A48D-FF98C9BEAEB1}.Release|Any CPU.ActiveCfg = Release|x86
		{75F044E6-95C1-405B-A48D-FF98C9BEAEB1}.Release|Any CPU.Build.0 = Release|x86
		{75F044E6-95C1-405B-A48D-FF98C9BEAEB1}.Release|Mixed Platforms.ActiveCfg = Release|x86
		{75F044E6-95C1-405B-A48D-FF98C9BEAEB1}.Release|Mixed Platforms.Build.0 = Release|x86
		{75F044E6-95C1-405B-A48D-FF98C9BEAEB1}.Release|Win32.ActiveCfg = Release|x86
		{75F044E6-95C1-405B-A48D-FF98C9BEAEB1}.Release|Win32.Build.0 = Release|x86
		{75F044E6-95C1-405B-A48D-FF98C9BEAEB1}.Release|x86.ActiveCfg = Release|x86
		{75F044E6-95C1-405B-A48D-FF98C9BEAEB1}.Release|x86.Build.0 = Release|x86
		{110D0EC1-CDB7-4405-8FBD-9AEB158B7AA9}.Debug|Any CPU.ActiveCfg = Debug|x86
		{110D0EC1-CDB7-4405-8FBD-9AEB158B7AA9}.Debug|Mixed Platforms.ActiveCfg = Debug|x86
		{110D0EC1-CDB7-4405-8FBD-9AEB158B7AA9}.Debug|Mixed Platforms.Build.0 = Debug|x86
		{110D0EC1-CDB7-4405-8FBD-9AEB158B7AA9}.Debug|Win32.ActiveCfg = Debug|x86
		{110D0EC1-CDB7-4405-8FBD-9AEB158B7AA9}.Debug|Win32.Build.0 = Debug|x86
		{110D0EC1-CDB7-4405-8FBD-9AEB158B7AA9}.Debug|x86.ActiveCfg = Debug|x86
		{110D0EC1-CDB7-4405-8FBD-9AEB158B7AA9}.Debug|x86.Build.0 = Debug|x86
		{110D0EC1-CDB7-4405-8FBD-9AEB158B7AA9}.Release|Any CPU.ActiveCfg = Release|x86
		{110D0EC1-CDB7-4405-8FBD-9AEB158B7AA9}.Release|Any CPU.Build.0 = Release|x86
		{110D0EC1-CDB7-4405-8FBD-9AEB158B7AA9}.Release|Mixed Platforms.ActiveCfg = Release|x86
		{110D0EC1-CDB7-4405-8FBD-9AEB158B7AA9}.Release|Mixed Platforms.Build.0 = Release|x86
		{110D0EC1-CDB7-4405-8FBD-9AEB158B7AA9}.Release|Win32.ActiveCfg = Release|x86
		{110D0EC1-CDB7-4405-8FBD-9AEB158B7AA9}.Release|Win32.Build.0 = Release|x86
		{110D0EC1-CDB7-4405-8FBD-9AEB158B7AA9}.Release|x86.ActiveCfg = Release|x86
		{110D0EC1-CDB7-4405-8FBD-9AEB158B7AA9}.Release|x86.Build.0 = Release|x86
		{2D951FB1-1DE6-4D2B-9EB9-9A138609646B}.Debug|Any CPU.ActiveCfg = Debug|Any CPU
		{2D951FB1-1DE6-4D2B-9EB9-9A138609646B}.Debug|Any CPU.Build.0 = Debug|Any CPU
		{2D951FB1-1DE6-4D2B-9EB9-9A138609646B}.Debug|Mixed Platforms.ActiveCfg = Debug|Any CPU
		{2D951FB1-1DE6-4D2B-9EB9-9A138609646B}.Debug|Mixed Platforms.Build.0 = Debug|Any CPU
		{2D951FB1-1DE6-4D2B-9EB9-9A138609646B}.Debug|Win32.ActiveCfg = Debug|Any CPU
		{2D951FB1-1DE6-4D2B-9EB9-9A138609646B}.Debug|x86.ActiveCfg = Debug|Any CPU
		{2D951FB1-1DE6-4D2B-9EB9-9A138609646B}.Release|Any CPU.ActiveCfg = Release|Any CPU
		{2D951FB1-1DE6-4D2B-9EB9-9A138609646B}.Release|Any CPU.Build.0 = Release|Any CPU
		{2D951FB1-1DE6-4D2B-9EB9-9A138609646B}.Release|Mixed Platforms.ActiveCfg = Release|Any CPU
		{2D951FB1-1DE6-4D2B-9EB9-9A138609646B}.Release|Mixed Platforms.Build.0 = Release|Any CPU
		{2D951FB1-1DE6-4D2B-9EB9-9A138609646B}.Release|Win32.ActiveCfg = Release|Any CPU
		{2D951FB1-1DE6-4D2B-9EB9-9A138609646B}.Release|x86.ActiveCfg = Release|Any CPU
		{CA512E4D-9F3D-4A8E-B8BB-CB4080DD7C0C}.Debug|Any CPU.ActiveCfg = Debug|Any CPU
		{CA512E4D-9F3D-4A8E-B8BB-CB4080DD7C0C}.Debug|Any CPU.Build.0 = Debug|Any CPU
		{CA512E4D-9F3D-4A8E-B8BB-CB4080DD7C0C}.Debug|Mixed Platforms.ActiveCfg = Debug|Any CPU
		{CA512E4D-9F3D-4A8E-B8BB-CB4080DD7C0C}.Debug|Mixed Platforms.Build.0 = Debug|Any CPU
		{CA512E4D-9F3D-4A8E-B8BB-CB4080DD7C0C}.Debug|Win32.ActiveCfg = Debug|Any CPU
		{CA512E4D-9F3D-4A8E-B8BB-CB4080DD7C0C}.Debug|x86.ActiveCfg = Debug|Any CPU
		{CA512E4D-9F3D-4A8E-B8BB-CB4080DD7C0C}.Release|Any CPU.ActiveCfg = Release|Any CPU
		{CA512E4D-9F3D-4A8E-B8BB-CB4080DD7C0C}.Release|Any CPU.Build.0 = Release|Any CPU
		{CA512E4D-9F3D-4A8E-B8BB-CB4080DD7C0C}.Release|Mixed Platforms.ActiveCfg = Release|Any CPU
		{CA512E4D-9F3D-4A8E-B8BB-CB4080DD7C0C}.Release|Mixed Platforms.Build.0 = Release|Any CPU
		{CA512E4D-9F3D-4A8E-B8BB-CB4080DD7C0C}.Release|Win32.ActiveCfg = Release|Any CPU
		{CA512E4D-9F3D-4A8E-B8BB-CB4080DD7C0C}.Release|x86.ActiveCfg = Release|Any CPU
		{1D3A3D44-DA13-4397-8369-0B25525E41CB}.Debug|Any CPU.ActiveCfg = Debug|Any CPU
		{1D3A3D44-DA13-4397-8369-0B25525E41CB}.Debug|Any CPU.Build.0 = Debug|Any CPU
		{1D3A3D44-DA13-4397-8369-0B25525E41CB}.Debug|Mixed Platforms.ActiveCfg = Debug|Any CPU
		{1D3A3D44-DA13-4397-8369-0B25525E41CB}.Debug|Mixed Platforms.Build.0 = Debug|Any CPU
		{1D3A3D44-DA13-4397-8369-0B25525E41CB}.Debug|Win32.ActiveCfg = Debug|Any CPU
		{1D3A3D44-DA13-4397-8369-0B25525E41CB}.Debug|x86.ActiveCfg = Debug|Any CPU
		{1D3A3D44-DA13-4397-8369-0B25525E41CB}.Release|Any CPU.ActiveCfg = Release|Any CPU
		{1D3A3D44-DA13-4397-8369-0B25525E41CB}.Release|Any CPU.Build.0 = Release|Any CPU
		{1D3A3D44-DA13-4397-8369-0B25525E41CB}.Release|Mixed Platforms.ActiveCfg = Release|Any CPU
		{1D3A3D44-DA13-4397-8369-0B25525E41CB}.Release|Mixed Platforms.Build.0 = Release|Any CPU
		{1D3A3D44-DA13-4397-8369-0B25525E41CB}.Release|Win32.ActiveCfg = Release|Any CPU
		{1D3A3D44-DA13-4397-8369-0B25525E41CB}.Release|x86.ActiveCfg = Release|Any CPU
		{665FA264-1BA2-40A5-9578-F6B0A77F69CD}.Debug|Any CPU.ActiveCfg = Debug|Any CPU
		{665FA264-1BA2-40A5-9578-F6B0A77F69CD}.Debug|Any CPU.Build.0 = Debug|Any CPU
		{665FA264-1BA2-40A5-9578-F6B0A77F69CD}.Debug|Mixed Platforms.ActiveCfg = Debug|Any CPU
		{665FA264-1BA2-40A5-9578-F6B0A77F69CD}.Debug|Mixed Platforms.Build.0 = Debug|Any CPU
		{665FA264-1BA2-40A5-9578-F6B0A77F69CD}.Debug|Win32.ActiveCfg = Debug|Any CPU
		{665FA264-1BA2-40A5-9578-F6B0A77F69CD}.Debug|x86.ActiveCfg = Debug|Any CPU
		{665FA264-1BA2-40A5-9578-F6B0A77F69CD}.Release|Any CPU.ActiveCfg = Release|Any CPU
		{665FA264-1BA2-40A5-9578-F6B0A77F69CD}.Release|Any CPU.Build.0 = Release|Any CPU
		{665FA264-1BA2-40A5-9578-F6B0A77F69CD}.Release|Mixed Platforms.ActiveCfg = Release|Any CPU
		{665FA264-1BA2-40A5-9578-F6B0A77F69CD}.Release|Mixed Platforms.Build.0 = Release|Any CPU
		{665FA264-1BA2-40A5-9578-F6B0A77F69CD}.Release|Win32.ActiveCfg = Release|Any CPU
		{665FA264-1BA2-40A5-9578-F6B0A77F69CD}.Release|x86.ActiveCfg = Release|Any CPU
		{8731DCF8-65BA-43FB-B70E-C382CC41CCDE}.Debug|Any CPU.ActiveCfg = Debug|Any CPU
		{8731DCF8-65BA-43FB-B70E-C382CC41CCDE}.Debug|Any CPU.Build.0 = Debug|Any CPU
		{8731DCF8-65BA-43FB-B70E-C382CC41CCDE}.Debug|Mixed Platforms.ActiveCfg = Debug|Any CPU
		{8731DCF8-65BA-43FB-B70E-C382CC41CCDE}.Debug|Mixed Platforms.Build.0 = Debug|Any CPU
		{8731DCF8-65BA-43FB-B70E-C382CC41CCDE}.Debug|Win32.ActiveCfg = Debug|Any CPU
		{8731DCF8-65BA-43FB-B70E-C382CC41CCDE}.Debug|x86.ActiveCfg = Debug|Any CPU
		{8731DCF8-65BA-43FB-B70E-C382CC41CCDE}.Release|Any CPU.ActiveCfg = Release|Any CPU
		{8731DCF8-65BA-43FB-B70E-C382CC41CCDE}.Release|Any CPU.Build.0 = Release|Any CPU
		{8731DCF8-65BA-43FB-B70E-C382CC41CCDE}.Release|Mixed Platforms.ActiveCfg = Release|Any CPU
		{8731DCF8-65BA-43FB-B70E-C382CC41CCDE}.Release|Mixed Platforms.Build.0 = Release|Any CPU
		{8731DCF8-65BA-43FB-B70E-C382CC41CCDE}.Release|Win32.ActiveCfg = Release|Any CPU
		{8731DCF8-65BA-43FB-B70E-C382CC41CCDE}.Release|x86.ActiveCfg = Release|Any CPU
		{A0ADA21C-9782-4C40-A4B0-5A0425844435}.Debug|Any CPU.ActiveCfg = Debug|Any CPU
		{A0ADA21C-9782-4C40-A4B0-5A0425844435}.Debug|Any CPU.Build.0 = Debug|Any CPU
		{A0ADA21C-9782-4C40-A4B0-5A0425844435}.Debug|Mixed Platforms.ActiveCfg = Debug|Any CPU
		{A0ADA21C-9782-4C40-A4B0-5A0425844435}.Debug|Mixed Platforms.Build.0 = Debug|Any CPU
		{A0ADA21C-9782-4C40-A4B0-5A0425844435}.Debug|Win32.ActiveCfg = Debug|Any CPU
		{A0ADA21C-9782-4C40-A4B0-5A0425844435}.Debug|x86.ActiveCfg = Debug|Any CPU
		{A0ADA21C-9782-4C40-A4B0-5A0425844435}.Release|Any CPU.ActiveCfg = Release|Any CPU
		{A0ADA21C-9782-4C40-A4B0-5A0425844435}.Release|Any CPU.Build.0 = Release|Any CPU
		{A0ADA21C-9782-4C40-A4B0-5A0425844435}.Release|Mixed Platforms.ActiveCfg = Release|Any CPU
		{A0ADA21C-9782-4C40-A4B0-5A0425844435}.Release|Mixed Platforms.Build.0 = Release|Any CPU
		{A0ADA21C-9782-4C40-A4B0-5A0425844435}.Release|Win32.ActiveCfg = Release|Any CPU
		{A0ADA21C-9782-4C40-A4B0-5A0425844435}.Release|x86.ActiveCfg = Release|Any CPU
	EndGlobalSection
	GlobalSection(SolutionProperties) = preSolution
		HideSolutionNode = FALSE
	EndGlobalSection
	GlobalSection(NestedProjects) = preSolution
		{ECA59E28-61F8-4460-B8D7-8590A34E1EA8} = {FC8718F5-5AAB-4D84-8C39-CD2E4DD283A0}
		{EC659629-09C1-4CC4-8F25-A3F772B1941C} = {FC8718F5-5AAB-4D84-8C39-CD2E4DD283A0}
		{7E8C19B9-629A-477A-8F6E-CC03B49C7342} = {AF91F2F2-D936-4D35-B373-4A3BD00501FA}
		{9D198C2A-9D21-43E5-B63E-E72CB82EC067} = {AF91F2F2-D936-4D35-B373-4A3BD00501FA}
		{6893D0D6-07F6-49DD-B709-5549C63E8EE6} = {105F0ED4-DE31-4A86-BEA9-433E6374BFB9}
		{601A0962-DAA9-4C4A-86A4-51710B44EE9A} = {105F0ED4-DE31-4A86-BEA9-433E6374BFB9}
		{265B7475-2E5E-4EC6-BB8A-7BC7BAAFDF40} = {105F0ED4-DE31-4A86-BEA9-433E6374BFB9}
		{46FF5DB7-3C4F-4A40-8F8D-07DFAF06C654} = {25B0B262-81A0-422A-BB1C-192579E8DFAF}
		{CB5FA092-EE0E-4500-8DC1-D0E48F402AEB} = {25B0B262-81A0-422A-BB1C-192579E8DFAF}
		{73670AA1-0DAA-41F7-B0EF-4A8A2FB5AF22} = {25B0B262-81A0-422A-BB1C-192579E8DFAF}
		{BF92191F-02B5-4741-A8D2-7C506153370D} = {AF91F2F2-D936-4D35-B373-4A3BD00501FA}
		{7338A8C8-6DDA-498C-A5E7-CA4FA7000543} = {2F0DE6A0-1361-44EA-AA74-104F4B4592D9}
		{D8CD9ED6-0034-4423-A16F-D0BABD13477E} = {2F0DE6A0-1361-44EA-AA74-104F4B4592D9}
		{5D9437F0-C9E0-4FA8-B1CE-138819389783} = {2F0DE6A0-1361-44EA-AA74-104F4B4592D9}
		{3F3805D8-AA2E-43FD-BA9B-AFA2185C9CCD} = {185D2F95-3452-4AEE-858A-EE56479B6D52}
		{B699E885-C655-47A9-98DE-6185FBB23E4B} = {185D2F95-3452-4AEE-858A-EE56479B6D52}
		{6E2C24E1-2C5F-4DFF-8D7B-A36E7F4B4EDD} = {185D2F95-3452-4AEE-858A-EE56479B6D52}
		{609D9BCB-0F6A-4819-BD6F-055D91027C2F} = {F4E05CD3-8A92-45CF-944E-8B2E9C8725D0}
		{D8D8871B-5A0A-4588-9482-3E6900E90625} = {F4E05CD3-8A92-45CF-944E-8B2E9C8725D0}
		{986C16FF-8DFB-40D0-AEC4-75D6F3ADD2C3} = {F4E05CD3-8A92-45CF-944E-8B2E9C8725D0}
		{3A0F99A6-B6AF-41F8-AADD-0D59FFF2508E} = {6A85DB57-BCF2-4F89-9874-8BE066B756EF}
		{FC8D414F-A837-4C7D-B78B-84F171DC169E} = {6A85DB57-BCF2-4F89-9874-8BE066B756EF}
		{3F63A087-60A9-4B10-9F8B-FD01919295D2} = {6A85DB57-BCF2-4F89-9874-8BE066B756EF}
		{139E9563-7911-416A-B3A1-F8D1CE5DA9FF} = {D604B205-1F0D-4053-A2AB-F38C20C3E0A4}
		{B7758377-D4C2-46EF-862A-F9A99549B6F5} = {D604B205-1F0D-4053-A2AB-F38C20C3E0A4}
		{CD6257B9-CAD7-45E2-8B15-9A1187D84C4E} = {D604B205-1F0D-4053-A2AB-F38C20C3E0A4}
		{036A0DA2-BB9F-4C07-816A-094D8B45EB46} = {B0FB97CD-85BA-41E4-9D2B-3D9A42005816}
		{75F044E6-95C1-405B-A48D-FF98C9BEAEB1} = {B0FB97CD-85BA-41E4-9D2B-3D9A42005816}
		{110D0EC1-CDB7-4405-8FBD-9AEB158B7AA9} = {B0FB97CD-85BA-41E4-9D2B-3D9A42005816}
		{2D951FB1-1DE6-4D2B-9EB9-9A138609646B} = {AF91F2F2-D936-4D35-B373-4A3BD00501FA}
		{CA512E4D-9F3D-4A8E-B8BB-CB4080DD7C0C} = {FBE2E957-05F8-4879-9727-456811ECFAFE}
		{1D3A3D44-DA13-4397-8369-0B25525E41CB} = {FC8718F5-5AAB-4D84-8C39-CD2E4DD283A0}
		{665FA264-1BA2-40A5-9578-F6B0A77F69CD} = {AF91F2F2-D936-4D35-B373-4A3BD00501FA}
		{8731DCF8-65BA-43FB-B70E-C382CC41CCDE} = {FC8718F5-5AAB-4D84-8C39-CD2E4DD283A0}
		{A0ADA21C-9782-4C40-A4B0-5A0425844435} = {FC8718F5-5AAB-4D84-8C39-CD2E4DD283A0}
	EndGlobalSection
	GlobalSection(ExtensibilityGlobals) = postSolution
		SolutionGuid = {866BE522-16AA-43A7-A79E-4C0E96865222}
	EndGlobalSection
EndGlobal
